
Microsoft Visual Studio Solution File, Format Version 12.00
# Visual Studio 2012
Project("{FAE04EC0-301F-11D3-BF4B-00C04F79EFBC}") = "ChessRun.Engine", "ChessRun.Engine\ChessRun.Engine.csproj", "{C5DEA7DE-0DD8-454E-8C04-4EAC916BC8FD}"
EndProject
Project("{FAE04EC0-301F-11D3-BF4B-00C04F79EFBC}") = "ChessRun.Pgn", "ChessRun.Pgn\ChessRun.Pgn.csproj", "{8114B0C8-0F98-42D0-AF9E-237A79FBA0CD}"
EndProject
Global
	GlobalSection(SolutionConfigurationPlatforms) = preSolution
		Debug|Any CPU = Debug|Any CPU
		Release|Any CPU = Release|Any CPU
	EndGlobalSection
	GlobalSection(ProjectConfigurationPlatforms) = postSolution
		{C5DEA7DE-0DD8-454E-8C04-4EAC916BC8FD}.Debug|Any CPU.ActiveCfg = Debug|Any CPU
		{C5DEA7DE-0DD8-454E-8C04-4EAC916BC8FD}.Debug|Any CPU.Build.0 = Debug|Any CPU
		{C5DEA7DE-0DD8-454E-8C04-4EAC916BC8FD}.Release|Any CPU.ActiveCfg = Release|Any CPU
		{C5DEA7DE-0DD8-454E-8C04-4EAC916BC8FD}.Release|Any CPU.Build.0 = Release|Any CPU
		{8114B0C8-0F98-42D0-AF9E-237A79FBA0CD}.Debug|Any CPU.ActiveCfg = Debug|Any CPU
		{8114B0C8-0F98-42D0-AF9E-237A79FBA0CD}.Debug|Any CPU.Build.0 = Debug|Any CPU
		{8114B0C8-0F98-42D0-AF9E-237A79FBA0CD}.Release|Any CPU.ActiveCfg = Release|Any CPU
		{8114B0C8-0F98-42D0-AF9E-237A79FBA0CD}.Release|Any CPU.Build.0 = Release|Any CPU
	EndGlobalSection
	GlobalSection(SolutionProperties) = preSolution
		HideSolutionNode = FALSE
	EndGlobalSection
EndGlobal
